
Microsoft Visual Studio Solution File, Format Version 12.00
# Visual Studio Version 17
VisualStudioVersion = 17.0.32112.339
MinimumVisualStudioVersion = 10.0.40219.1
Project("{FAE04EC0-301F-11D3-BF4B-00C04F79EFBC}") = "Troll", "Troll\Troll.csproj", "{D555415C-FB97-4CBB-B77E-0F7B09364482}"
EndProject
Global
	GlobalSection(SolutionConfigurationPlatforms) = preSolution
		Debug|Any CPU = Debug|Any CPU
		Release|Any CPU = Release|Any CPU
	EndGlobalSection
	GlobalSection(ProjectConfigurationPlatforms) = postSolution
		{D555415C-FB97-4CBB-B77E-0F7B09364482}.Debug|Any CPU.ActiveCfg = Debug|Any CPU
		{D555415C-FB97-4CBB-B77E-0F7B09364482}.Debug|Any CPU.Build.0 = Debug|Any CPU
		{D555415C-FB97-4CBB-B77E-0F7B09364482}.Release|Any CPU.ActiveCfg = Release|Any CPU
		{D555415C-FB97-4CBB-B77E-0F7B09364482}.Release|Any CPU.Build.0 = Release|Any CPU
	EndGlobalSection
	GlobalSection(SolutionProperties) = preSolution
		HideSolutionNode = FALSE
	EndGlobalSection
	GlobalSection(ExtensibilityGlobals) = postSolution
		SolutionGuid = {0CF74A31-2A22-4ED0-BC88-74A5377D5785}
	EndGlobalSection
EndGlobal
